
Microsoft Visual Studio Solution File, Format Version 12.00
# Visual Studio Version 17
VisualStudioVersion = 17.0.32014.148
MinimumVisualStudioVersion = 10.0.40219.1
Project("{2150E333-8FDC-42A3-9474-1A3956D46DE8}") = "01-Web", "01-Web", "{F978460D-0CAE-4F20-908B-9787741F9928}"
EndProject
Project("{2150E333-8FDC-42A3-9474-1A3956D46DE8}") = "02-Service", "02-Service", "{4C975835-A1C6-4663-9108-A00245686ACB}"
EndProject
Project("{2150E333-8FDC-42A3-9474-1A3956D46DE8}") = "03-BusinessLogic", "03-BusinessLogic", "{FA75EDC9-0CC7-474D-BFAD-65FD8B7F3D8F}"
EndProject
Project("{2150E333-8FDC-42A3-9474-1A3956D46DE8}") = "04-Data", "04-Data", "{D4F06F7B-350D-4C32-BEAA-4A61DE5AD245}"
EndProject
Project("{2150E333-8FDC-42A3-9474-1A3956D46DE8}") = "05-Shared", "05-Shared", "{D2D9AE60-7713-4A68-B4B2-C9FD71FFCEA4}"
EndProject
Project("{9A19103F-16F7-4668-BE54-9A1E7A4F7556}") = "Data.CookingBookContext", "Data.CookingBookContext\Data.CookingBookContext.csproj", "{97342AA3-303F-4BE1-93ED-01F2A97B35B8}"
EndProject
Project("{9A19103F-16F7-4668-BE54-9A1E7A4F7556}") = "Data.LoggingContext", "Data.LoggingContext\Data.LoggingContext.csproj", "{FB8D07E1-E939-4932-B8A2-0B8C39393BA5}"
EndProject
Project("{9A19103F-16F7-4668-BE54-9A1E7A4F7556}") = "Shared.Models", "Shared.Models\Shared.Models.csproj", "{6BBDEDC2-2B0D-42DE-AC0E-09E954C7C3F8}"
EndProject
Project("{9A19103F-16F7-4668-BE54-9A1E7A4F7556}") = "Web.Core", "Web.Core\Web.Core.csproj", "{0A4B45F3-BD9F-480B-AC5F-D7AA62E40417}"
EndProject
Project("{9A19103F-16F7-4668-BE54-9A1E7A4F7556}") = "BusinessLogic.Shared", "BusinessLohic.Shared\BusinessLogic.Shared.csproj", "{AE1218B8-0033-44E1-B60A-8BB1486175EE}"
EndProject
Project("{9A19103F-16F7-4668-BE54-9A1E7A4F7556}") = "BusinessLogic.Repositories", "BusinessLogic.Repositories\BusinessLogic.Repositories.csproj", "{5C0BC306-5371-485D-BE22-9E8B74E54CBC}"
EndProject
Project("{9A19103F-16F7-4668-BE54-9A1E7A4F7556}") = "Service.Administration", "Service.Administration\Service.Administration.csproj", "{2DB6B101-7960-45A2-9B66-4B62DFB24D95}"
EndProject
Project("{9A19103F-16F7-4668-BE54-9A1E7A4F7556}") = "Service.CookingBook", "Service.CookingBook\Service.CookingBook.csproj", "{EDD5D4B2-8A74-496B-A303-4AD8A6CEA001}"
EndProject
Project("{9A19103F-16F7-4668-BE54-9A1E7A4F7556}") = "Service.Data", "Service.Data\Service.Data.csproj", "{CE03FAA0-85FE-46E0-B6C0-7DAE18E88C53}"
EndProject
Project("{9A19103F-16F7-4668-BE54-9A1E7A4F7556}") = "Shared.Wrappers", "Shared.Wrappers\Shared.Wrappers.csproj", "{E45CAC90-9FCC-496D-8860-622F2482A6F5}"
EndProject
Project("{9A19103F-16F7-4668-BE54-9A1E7A4F7556}") = "Service.I18n", "Service.I18n\Service.I18n.csproj", "{5E8D08C8-A0F0-4AD8-BD4E-BE270986F950}"
EndProject
Project("{9A19103F-16F7-4668-BE54-9A1E7A4F7556}") = "BusinessLogic.I18n", "BusinessLogic.I18n\BusinessLogic.I18n.csproj", "{1894EA72-0D3E-4D91-B0B3-E7970749CCFF}"
EndProject
Project("{FAE04EC0-301F-11D3-BF4B-00C04F79EFBC}") = "BusinessLogic.Data", "BusinessLogic.Data\BusinessLogic.Data.csproj", "{1973152D-B7CE-437A-B116-A50EE46113C1}"
EndProject
Global
	GlobalSection(SolutionConfigurationPlatforms) = preSolution
		Debug|Any CPU = Debug|Any CPU
		Release|Any CPU = Release|Any CPU
	EndGlobalSection
	GlobalSection(ProjectConfigurationPlatforms) = postSolution
		{97342AA3-303F-4BE1-93ED-01F2A97B35B8}.Debug|Any CPU.ActiveCfg = Debug|Any CPU
		{97342AA3-303F-4BE1-93ED-01F2A97B35B8}.Debug|Any CPU.Build.0 = Debug|Any CPU
		{97342AA3-303F-4BE1-93ED-01F2A97B35B8}.Release|Any CPU.ActiveCfg = Release|Any CPU
		{97342AA3-303F-4BE1-93ED-01F2A97B35B8}.Release|Any CPU.Build.0 = Release|Any CPU
		{FB8D07E1-E939-4932-B8A2-0B8C39393BA5}.Debug|Any CPU.ActiveCfg = Debug|Any CPU
		{FB8D07E1-E939-4932-B8A2-0B8C39393BA5}.Debug|Any CPU.Build.0 = Debug|Any CPU
		{FB8D07E1-E939-4932-B8A2-0B8C39393BA5}.Release|Any CPU.ActiveCfg = Release|Any CPU
		{FB8D07E1-E939-4932-B8A2-0B8C39393BA5}.Release|Any CPU.Build.0 = Release|Any CPU
		{6BBDEDC2-2B0D-42DE-AC0E-09E954C7C3F8}.Debug|Any CPU.ActiveCfg = Debug|Any CPU
		{6BBDEDC2-2B0D-42DE-AC0E-09E954C7C3F8}.Debug|Any CPU.Build.0 = Debug|Any CPU
		{6BBDEDC2-2B0D-42DE-AC0E-09E954C7C3F8}.Release|Any CPU.ActiveCfg = Release|Any CPU
		{6BBDEDC2-2B0D-42DE-AC0E-09E954C7C3F8}.Release|Any CPU.Build.0 = Release|Any CPU
		{0A4B45F3-BD9F-480B-AC5F-D7AA62E40417}.Debug|Any CPU.ActiveCfg = Debug|Any CPU
		{0A4B45F3-BD9F-480B-AC5F-D7AA62E40417}.Debug|Any CPU.Build.0 = Debug|Any CPU
		{0A4B45F3-BD9F-480B-AC5F-D7AA62E40417}.Release|Any CPU.ActiveCfg = Release|Any CPU
		{0A4B45F3-BD9F-480B-AC5F-D7AA62E40417}.Release|Any CPU.Build.0 = Release|Any CPU
		{AE1218B8-0033-44E1-B60A-8BB1486175EE}.Debug|Any CPU.ActiveCfg = Debug|Any CPU
		{AE1218B8-0033-44E1-B60A-8BB1486175EE}.Debug|Any CPU.Build.0 = Debug|Any CPU
		{AE1218B8-0033-44E1-B60A-8BB1486175EE}.Release|Any CPU.ActiveCfg = Release|Any CPU
		{AE1218B8-0033-44E1-B60A-8BB1486175EE}.Release|Any CPU.Build.0 = Release|Any CPU
		{5C0BC306-5371-485D-BE22-9E8B74E54CBC}.Debug|Any CPU.ActiveCfg = Debug|Any CPU
		{5C0BC306-5371-485D-BE22-9E8B74E54CBC}.Debug|Any CPU.Build.0 = Debug|Any CPU
		{5C0BC306-5371-485D-BE22-9E8B74E54CBC}.Release|Any CPU.ActiveCfg = Release|Any CPU
		{5C0BC306-5371-485D-BE22-9E8B74E54CBC}.Release|Any CPU.Build.0 = Release|Any CPU
		{2DB6B101-7960-45A2-9B66-4B62DFB24D95}.Debug|Any CPU.ActiveCfg = Debug|Any CPU
		{2DB6B101-7960-45A2-9B66-4B62DFB24D95}.Debug|Any CPU.Build.0 = Debug|Any CPU
		{2DB6B101-7960-45A2-9B66-4B62DFB24D95}.Release|Any CPU.ActiveCfg = Release|Any CPU
		{2DB6B101-7960-45A2-9B66-4B62DFB24D95}.Release|Any CPU.Build.0 = Release|Any CPU
		{EDD5D4B2-8A74-496B-A303-4AD8A6CEA001}.Debug|Any CPU.ActiveCfg = Debug|Any CPU
		{EDD5D4B2-8A74-496B-A303-4AD8A6CEA001}.Debug|Any CPU.Build.0 = Debug|Any CPU
		{EDD5D4B2-8A74-496B-A303-4AD8A6CEA001}.Release|Any CPU.ActiveCfg = Release|Any CPU
		{EDD5D4B2-8A74-496B-A303-4AD8A6CEA001}.Release|Any CPU.Build.0 = Release|Any CPU
		{CE03FAA0-85FE-46E0-B6C0-7DAE18E88C53}.Debug|Any CPU.ActiveCfg = Debug|Any CPU
		{CE03FAA0-85FE-46E0-B6C0-7DAE18E88C53}.Debug|Any CPU.Build.0 = Debug|Any CPU
		{CE03FAA0-85FE-46E0-B6C0-7DAE18E88C53}.Release|Any CPU.ActiveCfg = Release|Any CPU
		{CE03FAA0-85FE-46E0-B6C0-7DAE18E88C53}.Release|Any CPU.Build.0 = Release|Any CPU
		{E45CAC90-9FCC-496D-8860-622F2482A6F5}.Debug|Any CPU.ActiveCfg = Debug|Any CPU
		{E45CAC90-9FCC-496D-8860-622F2482A6F5}.Debug|Any CPU.Build.0 = Debug|Any CPU
		{E45CAC90-9FCC-496D-8860-622F2482A6F5}.Release|Any CPU.ActiveCfg = Release|Any CPU
		{E45CAC90-9FCC-496D-8860-622F2482A6F5}.Release|Any CPU.Build.0 = Release|Any CPU
		{5E8D08C8-A0F0-4AD8-BD4E-BE270986F950}.Debug|Any CPU.ActiveCfg = Debug|Any CPU
		{5E8D08C8-A0F0-4AD8-BD4E-BE270986F950}.Debug|Any CPU.Build.0 = Debug|Any CPU
		{5E8D08C8-A0F0-4AD8-BD4E-BE270986F950}.Release|Any CPU.ActiveCfg = Release|Any CPU
		{5E8D08C8-A0F0-4AD8-BD4E-BE270986F950}.Release|Any CPU.Build.0 = Release|Any CPU
		{1894EA72-0D3E-4D91-B0B3-E7970749CCFF}.Debug|Any CPU.ActiveCfg = Debug|Any CPU
		{1894EA72-0D3E-4D91-B0B3-E7970749CCFF}.Debug|Any CPU.Build.0 = Debug|Any CPU
		{1894EA72-0D3E-4D91-B0B3-E7970749CCFF}.Release|Any CPU.ActiveCfg = Release|Any CPU
		{1894EA72-0D3E-4D91-B0B3-E7970749CCFF}.Release|Any CPU.Build.0 = Release|Any CPU
		{1973152D-B7CE-437A-B116-A50EE46113C1}.Debug|Any CPU.ActiveCfg = Debug|Any CPU
		{1973152D-B7CE-437A-B116-A50EE46113C1}.Debug|Any CPU.Build.0 = Debug|Any CPU
		{1973152D-B7CE-437A-B116-A50EE46113C1}.Release|Any CPU.ActiveCfg = Release|Any CPU
		{1973152D-B7CE-437A-B116-A50EE46113C1}.Release|Any CPU.Build.0 = Release|Any CPU
	EndGlobalSection
	GlobalSection(SolutionProperties) = preSolution
		HideSolutionNode = FALSE
	EndGlobalSection
	GlobalSection(NestedProjects) = preSolution
		{97342AA3-303F-4BE1-93ED-01F2A97B35B8} = {D4F06F7B-350D-4C32-BEAA-4A61DE5AD245}
		{FB8D07E1-E939-4932-B8A2-0B8C39393BA5} = {D4F06F7B-350D-4C32-BEAA-4A61DE5AD245}
		{6BBDEDC2-2B0D-42DE-AC0E-09E954C7C3F8} = {D2D9AE60-7713-4A68-B4B2-C9FD71FFCEA4}
		{0A4B45F3-BD9F-480B-AC5F-D7AA62E40417} = {F978460D-0CAE-4F20-908B-9787741F9928}
		{AE1218B8-0033-44E1-B60A-8BB1486175EE} = {FA75EDC9-0CC7-474D-BFAD-65FD8B7F3D8F}
		{5C0BC306-5371-485D-BE22-9E8B74E54CBC} = {FA75EDC9-0CC7-474D-BFAD-65FD8B7F3D8F}
		{2DB6B101-7960-45A2-9B66-4B62DFB24D95} = {4C975835-A1C6-4663-9108-A00245686ACB}
		{EDD5D4B2-8A74-496B-A303-4AD8A6CEA001} = {4C975835-A1C6-4663-9108-A00245686ACB}
		{CE03FAA0-85FE-46E0-B6C0-7DAE18E88C53} = {4C975835-A1C6-4663-9108-A00245686ACB}
		{E45CAC90-9FCC-496D-8860-622F2482A6F5} = {D2D9AE60-7713-4A68-B4B2-C9FD71FFCEA4}
		{5E8D08C8-A0F0-4AD8-BD4E-BE270986F950} = {4C975835-A1C6-4663-9108-A00245686ACB}
		{1894EA72-0D3E-4D91-B0B3-E7970749CCFF} = {FA75EDC9-0CC7-474D-BFAD-65FD8B7F3D8F}
		{1973152D-B7CE-437A-B116-A50EE46113C1} = {FA75EDC9-0CC7-474D-BFAD-65FD8B7F3D8F}
	EndGlobalSection
	GlobalSection(ExtensibilityGlobals) = postSolution
		SolutionGuid = {519F36D4-7374-4B6E-B5B5-CA2E494C8B23}
	EndGlobalSection
EndGlobal
